schema: '2.0'
stages:
  data_ingestion:
    cmd: python ./src/data/data_ingestion.py ./data/raw
    deps:
    - path: ./src/data/data_ingestion.py
      hash: md5
      md5: 70770d3c36609698f464c33bac2fae3a
      size: 1706
    outs:
    - path: ./data/raw/rawdata.csv
      hash: md5
      md5: ad724f9e6451b0f6a70ade2cee81f115
      size: 503699
  make_dataset:
    cmd: python ./src/data/make_dataset.py ./data/raw/rawdata.csv
    deps:
    - path: ./data/raw/rawdata.csv
      hash: md5
      md5: ad724f9e6451b0f6a70ade2cee81f115
      size: 503699
    outs:
    - path: ./data/processed/
      hash: md5
      md5: 62002a282a7d4869ba85def36da94fd7.dir
      size: 530487
      nfiles: 2
  build_features:
    cmd: python ./src/features/build_features.py ./data/processed ./data/interim
    outs:
    - path: ./data/interim/
      hash: md5
      md5: 90eb0af694bfbe02de9227ce38a4857b.dir
      size: 359530
      nfiles: 2
  train_model:
    cmd: python ./src/models/train_model.py ./data/interim
    deps:
    - path: ./data/interim
      hash: md5
      md5: 90eb0af694bfbe02de9227ce38a4857b.dir
      size: 359530
      nfiles: 2
    outs:
    - path: ./models/model.pkl
      hash: md5
      md5: 7aa55b4cc45fd741939249346227a542
      size: 131740
    - path: ./models/vectorizer.pkl
      hash: md5
      md5: 600b810faf412d6e9755e5dfdb4d4ac2
      size: 62980
